
Microsoft Visual Studio Solution File, Format Version 12.00
Project("{FAE04EC0-301F-11D3-BF4B-00C04F79EFBC}") = "WebAuthentication", "WebAuthentication\WebAuthentication.csproj", "{AC9091E5-818C-4D7E-A356-48923EB0A76B}"
EndProject
Global
	GlobalSection(SolutionConfigurationPlatforms) = preSolution
		Debug|Any CPU = Debug|Any CPU
		Release|Any CPU = Release|Any CPU
	EndGlobalSection
	GlobalSection(ProjectConfigurationPlatforms) = postSolution
		{AC9091E5-818C-4D7E-A356-48923EB0A76B}.Debug|Any CPU.ActiveCfg = Debug|Any CPU
		{AC9091E5-818C-4D7E-A356-48923EB0A76B}.Debug|Any CPU.Build.0 = Debug|Any CPU
		{AC9091E5-818C-4D7E-A356-48923EB0A76B}.Release|Any CPU.ActiveCfg = Release|Any CPU
		{AC9091E5-818C-4D7E-A356-48923EB0A76B}.Release|Any CPU.Build.0 = Release|Any CPU
	EndGlobalSection
EndGlobal
